{
  "name": "app",
  "lockfileVersion": 2,
  "requires": true,
  "packages": {
    "": {
      "dependencies": {
        "smooth-validator": "^3.3.0"
      }
    },
    "node_modules/smooth-validator": {
      "version": "3.3.0",
      "resolved": "https://registry.npmjs.org/smooth-validator/-/smooth-validator-3.3.0.tgz",
      "integrity": "sha512-GtttUCYaMKGuzeVO86CwktzqFwYzWlfTDpy2JgX5Tx2DWzWQbMjzTHaDGq2rBD3OyL6DfTeijUTbJMW2wVOP3w=="
    }
  },
  "dependencies": {
    "smooth-validator": {
      "version": "3.3.0",
      "resolved": "https://registry.npmjs.org/smooth-validator/-/smooth-validator-3.3.0.tgz",
      "integrity": "sha512-GtttUCYaMKGuzeVO86CwktzqFwYzWlfTDpy2JgX5Tx2DWzWQbMjzTHaDGq2rBD3OyL6DfTeijUTbJMW2wVOP3w=="
    }
  }
}
